<?xml version="1.0" encoding="utf-8"?>
<Project ToolsVersion="4.0" xmlns="http://schemas.microsoft.com/developer/msbuild/2003">
  <ItemGroup>
    <Filter Include="Common">
      <UniqueIdentifier>953a950d-8f23-49c6-b64f-5e4a032f2f13</UniqueIdentifier>
    </Filter>
    <Filter Include="Assets">
      <UniqueIdentifier>1c4a63d8-8be7-4206-8e9b-c5c8bc272bb0</UniqueIdentifier>
      <Extensions>ico;cur;bmp;dds;dlg;fbx;rct;bin;rgs;gif;jpg;jpeg;jpe;resx;tga;tiff;tif;png;wav;mfcribbon-ms</Extensions>
    </Filter>
    <Filter Include="Game">
      <UniqueIdentifier>{81e0afe9-ad4e-4f63-95a0-f6d4011481d2}</UniqueIdentifier>
    </Filter>
    <Filter Include="Resources">
      <UniqueIdentifier>{e07fced4-d323-4665-a6ef-0da58b0f46f4}</UniqueIdentifier>
    </Filter>
    <Filter Include="Resources\Fonts">
      <UniqueIdentifier>{582b0255-bd7f-4fbc-a35d-f8c13d2fbf14}</UniqueIdentifier>
    </Filter>
    <Filter Include="Resources\Textures">
      <UniqueIdentifier>{3c9cae57-ef8e-4d89-9ce8-daa682d325ba}</UniqueIdentifier>
    </Filter>
    <Filter Include="Resources\Icon">
      <UniqueIdentifier>{53043c45-2397-49b9-97e7-98faee0b0a41}</UniqueIdentifier>
    </Filter>
    <Filter Include="Resources\Models">
      <UniqueIdentifier>{4bb7f6ff-9803-4a2b-a0e8-bacbe656715d}</UniqueIdentifier>
    </Filter>
    <Filter Include="Libraries">
      <UniqueIdentifier>{c309d520-e3d0-40ec-859f-98ab4d9a9fd1}</UniqueIdentifier>
    </Filter>
    <Filter Include="Libraries\MyLib">
      <UniqueIdentifier>{a327e5ae-7623-4c97-9ac8-1d10ca95e8ca}</UniqueIdentifier>
    </Filter>
    <Filter Include="Libraries\Microsoft">
      <UniqueIdentifier>{3ad90921-3d35-490e-837c-bc326a24aeed}</UniqueIdentifier>
    </Filter>
    <Filter Include="Game\Scene">
      <UniqueIdentifier>{644b32a7-7d84-4f61-a3f0-3872a592dcfb}</UniqueIdentifier>
    </Filter>
    <Filter Include="Game\Camera">
      <UniqueIdentifier>{d85b5a00-9b75-42a6-8c3e-500d1926681e}</UniqueIdentifier>
    </Filter>
    <Filter Include="Game\Player">
      <UniqueIdentifier>{59069d8f-6342-42cc-af97-40bd12d7eb82}</UniqueIdentifier>
    </Filter>
    <Filter Include="Game\Enemy">
      <UniqueIdentifier>{76110301-5e4e-48d6-b8d7-5f926ef53a7c}</UniqueIdentifier>
    </Filter>
    <Filter Include="Interface">
      <UniqueIdentifier>{243f97e3-a568-45bc-a743-e2d22edb83cc}</UniqueIdentifier>
    </Filter>
    <Filter Include="Game\Enemy\States">
      <UniqueIdentifier>{1339674d-cabd-4de4-b6ed-64f07f0ae300}</UniqueIdentifier>
    </Filter>
    <Filter Include="BehaviourTree">
      <UniqueIdentifier>{973bd5a2-a7eb-4a26-ba88-39329a8a412c}</UniqueIdentifier>
    </Filter>
    <Filter Include="BehaviorTree">
      <UniqueIdentifier>{8c37a461-d70e-4aae-81d1-31c1d4ebd3ed}</UniqueIdentifier>
    </Filter>
    <Filter Include="BehaviorTree\Header">
      <UniqueIdentifier>{e6443207-2afa-455b-987f-4cc9b7364377}</UniqueIdentifier>
    </Filter>
    <Filter Include="BehaviorTree\Source">
      <UniqueIdentifier>{ee8b4a00-f6e7-425b-b430-e74895875501}</UniqueIdentifier>
    </Filter>
    <Filter Include="Game\Player\State">
      <UniqueIdentifier>{18f602b1-3a60-4dc5-872b-caed41ed98ed}</UniqueIdentifier>
    </Filter>
    <Filter Include="Game\Player\State\Source">
      <UniqueIdentifier>{b124caf6-95f9-48e7-8767-9e6e32b2d262}</UniqueIdentifier>
    </Filter>
    <Filter Include="Game\Player\State\Header">
      <UniqueIdentifier>{676e3e1c-a2f2-45fd-a237-80555766cf27}</UniqueIdentifier>
    </Filter>
  </ItemGroup>
  <ItemGroup>
    <ClInclude Include="pch.h" />
    <ClInclude Include="Game.h" />
    <ClInclude Include="StepTimer.h">
      <Filter>Common</Filter>
    </ClInclude>
    <ClInclude Include="DeviceResources.h">
      <Filter>Common</Filter>
    </ClInclude>
    <ClInclude Include="Game\CommonResources.h">
      <Filter>Game</Filter>
    </ClInclude>
    <ClInclude Include="Libraries\Microsoft\DebugDraw.h">
      <Filter>Libraries\Microsoft</Filter>
    </ClInclude>
    <ClInclude Include="Game\Screen.h">
      <Filter>Game</Filter>
    </ClInclude>
    <ClInclude Include="Libraries\MyLib\DebugCamera.h">
      <Filter>Libraries\MyLib</Filter>
    </ClInclude>
    <ClInclude Include="Libraries\MyLib\DebugString.h">
      <Filter>Libraries\MyLib</Filter>
    </ClInclude>
    <ClInclude Include="Libraries\MyLib\GridFloor.h">
      <Filter>Libraries\MyLib</Filter>
    </ClInclude>
    <ClInclude Include="Libraries\MyLib\InputManager.h">
      <Filter>Libraries\MyLib</Filter>
    </ClInclude>
    <ClInclude Include="Libraries\MyLib\MemoryLeakDetector.h">
      <Filter>Libraries\MyLib</Filter>
    </ClInclude>
    <ClInclude Include="Game\Scene\IScene.h">
      <Filter>Game\Scene</Filter>
    </ClInclude>
    <ClInclude Include="Game\Scene\TitleScene.h">
      <Filter>Game\Scene</Filter>
    </ClInclude>
    <ClInclude Include="Game\Scene\PlayScene.h">
      <Filter>Game\Scene</Filter>
    </ClInclude>
    <ClInclude Include="Game\Scene\SceneManager.h">
      <Filter>Game\Scene</Filter>
    </ClInclude>
    <ClInclude Include="Game\Camera\Camera.h">
      <Filter>Game\Camera</Filter>
    </ClInclude>
    <ClInclude Include="Game\Enemy\Enemy.h">
      <Filter>Game\Enemy</Filter>
    </ClInclude>
    <ClInclude Include="Game\Player\Player.h">
      <Filter>Game\Player</Filter>
    </ClInclude>
    <ClInclude Include="Interface\IState.h">
      <Filter>Interface</Filter>
    </ClInclude>
    <ClInclude Include="BehaviourTree\Header\Action.h">
      <Filter>BehaviorTree\Header</Filter>
    </ClInclude>
    <ClInclude Include="BehaviourTree\Header\BehaviorTree.h">
      <Filter>BehaviorTree\Header</Filter>
    </ClInclude>
    <ClInclude Include="BehaviourTree\Header\IfDecorator.h">
      <Filter>BehaviorTree\Header</Filter>
    </ClInclude>
    <ClInclude Include="BehaviourTree\Header\Selector.h">
      <Filter>BehaviorTree\Header</Filter>
    </ClInclude>
    <ClInclude Include="BehaviourTree\Header\Sequence.h">
      <Filter>BehaviorTree\Header</Filter>
    </ClInclude>
    <ClInclude Include="Game\Player\State\Header\Player_Dodging.h">
      <Filter>Game\Player\State\Header</Filter>
    </ClInclude>
    <ClInclude Include="Game\Player\State\Header\Player_Idling.h">
      <Filter>Game\Player\State\Header</Filter>
    </ClInclude>
    <ClInclude Include="Libraries\MyLib\SkySphere.h">
      <Filter>Libraries\MyLib</Filter>
    </ClInclude>
    <ClInclude Include="Effects\Header\DustTrailParticle.h" />
    <ClInclude Include="Effects\Particle.h" />
    <ClInclude Include="Libraries\MyLib\BinaryFile.h" />
    <ClInclude Include="Libraries\MyLib\Math.h" />
    <ClInclude Include="Game\Player\State\Header\Player_Attacking_1.h" />
    <ClInclude Include="Game\Enemy\States\Header\EnemyIdling.h" />
    <ClInclude Include="Game\Enemy\States\Header\EnemyApproaching.h" />
    <ClInclude Include="Game\Player\State\Header\Player_Attacking_2.h" />
    <ClInclude Include="Game\Player\State\Header\Player_Attacking_3.h" />
    <ClInclude Include="Game\Player\State\Header\Player_Attacking_4.h" />
    <ClInclude Include="Game\Weapon\Sword\Sword.h" />
    <ClInclude Include="Interface\IWeapon.h" />
    <ClInclude Include="Game\Weapon\Sword\Header\Sword_Idling.h" />
    <ClInclude Include="Game\Weapon\Sword\Header\Sword_Attacking_1.h" />
    <ClInclude Include="Game\Sound\BGM_Player.h" />
    <ClInclude Include="Game\Scene\ResultScene.h" />
    <ClInclude Include="Game\Weapon\Cudgel\Cudgel.h" />
    <ClInclude Include="Game\Weapon\Cudgel\Header\Cudgel_Idling.h" />
    <ClInclude Include="Game\Weapon\Cudgel\Header\Cudgel_Attacking.h" />
    <ClInclude Include="Game\Enemy\States\Header\Enemy_Attacking.h" />
    <ClInclude Include="Game\Stage\Floor\Floor.h" />
    <ClInclude Include="Game\Stage\Wall\Wall.h" />
    <ClInclude Include="Libraries\MyLib\Collision.h" />
    <ClInclude Include="Interface\IParticle.h" />
    <ClInclude Include="Interface\IUserInterface.h" />
    <ClInclude Include="Game\UI\!PlaySceneUIManager\PlaySceneUIManager.h" />
    <ClInclude Include="Game\UI\Header\Gauge.h" />
    <ClInclude Include="Effects\Source\SwordTrialParticle.h" />
    <ClInclude Include="Game\Enemy\States\Header\Enemy_Sweeping.h" />
    <ClInclude Include="Libraries\MyLib\EasingFunctions.h" />
    <ClInclude Include="Game\Weapon\Cudgel\Header\Cudgel_Sweeping.h" />
    <ClInclude Include="Game\UI\Header\PlayerHPUI.h" />
    <ClInclude Include="Game\Player\PlayerHP.h" />
    <ClInclude Include="Game\UI\Header\IconUI.h" />
    <ClInclude Include="Game\Enemy\EnemyHP.h" />
    <ClInclude Include="Game\UI\Header\EnemyHPUI.h" />
    <ClInclude Include="Libraries\MyLib\Collision\CollisionManager.h" />
    <ClInclude Include="Interface\IObject.h" />
    <ClInclude Include="Interface\IHitPoint.h" />
    <ClInclude Include="Game\UI\Fade\Fade.h" />
    <ClInclude Include="Game\Factory\Factory.h" />
    <ClInclude Include="Game\Observer\Messenger.h" />
    <ClInclude Include="Interface\IObserver.h" />
    <ClInclude Include="Interface\IPlayer.h" />
    <ClInclude Include="Effects\Header\SwordTrialParticle.h" />
    <ClInclude Include="Game\Weapon\Sword\Header\Sword_Attacking_2.h" />
    <ClInclude Include="Game\Weapon\Sword\Header\Sword_Attacking_3.h" />
    <ClInclude Include="Game\Weapon\Sword\Header\Sword_Attacking_4.h" />
    <ClInclude Include="Interface\ICameraState.h" />
    <ClInclude Include="Game\Camera\State\Header\CameraIdling.h" />
    <ClInclude Include="Game\UI\Header\Warning.h" />
    <ClInclude Include="Libraries\MyLib\CustomShader\CustomShader.h" />
    <ClInclude Include="Game\Goblin\Goblin.h" />
    <ClInclude Include="Game\Goblin\State\Header\GoblinIdling.h" />
    <ClInclude Include="Game\Goblin\State\Header\GoblinAttacking.h" />
    <ClInclude Include="Game\Goblin\GoblinHP.h" />
  </ItemGroup>
  <ItemGroup>
    <ClCompile Include="pch.cpp" />
    <ClCompile Include="Game.cpp" />
    <ClCompile Include="Main.cpp" />
    <ClCompile Include="DeviceResources.cpp">
      <Filter>Common</Filter>
    </ClCompile>
    <ClCompile Include="Game\CommonResources.cpp">
      <Filter>Game</Filter>
    </ClCompile>
    <ClCompile Include="Libraries\Microsoft\DebugDraw.cpp">
      <Filter>Libraries\Microsoft</Filter>
    </ClCompile>
    <ClCompile Include="Libraries\MyLib\DebugCamera.cpp">
      <Filter>Libraries\MyLib</Filter>
    </ClCompile>
    <ClCompile Include="Libraries\MyLib\DebugString.cpp">
      <Filter>Libraries\MyLib</Filter>
    </ClCompile>
    <ClCompile Include="Libraries\MyLib\GridFloor.cpp">
      <Filter>Libraries\MyLib</Filter>
    </ClCompile>
    <ClCompile Include="Libraries\MyLib\InputManager.cpp">
      <Filter>Libraries\MyLib</Filter>
    </ClCompile>
    <ClCompile Include="Game\Scene\TitleScene.cpp">
      <Filter>Game\Scene</Filter>
    </ClCompile>
    <ClCompile Include="Game\Scene\PlayScene.cpp">
      <Filter>Game\Scene</Filter>
    </ClCompile>
    <ClCompile Include="Game\Scene\SceneManager.cpp">
      <Filter>Game\Scene</Filter>
    </ClCompile>
    <ClCompile Include="Game\Camera\Camera.cpp">
      <Filter>Game\Camera</Filter>
    </ClCompile>
    <ClCompile Include="Game\Enemy\Enemy.cpp">
      <Filter>Game\Enemy</Filter>
    </ClCompile>
    <ClCompile Include="Game\Player\Player.cpp">
      <Filter>Game\Player</Filter>
    </ClCompile>
    <ClCompile Include="BehaviourTree\Source\Action.cpp">
      <Filter>BehaviorTree\Source</Filter>
    </ClCompile>
    <ClCompile Include="BehaviourTree\Source\BehaviorTree.cpp">
      <Filter>BehaviorTree\Source</Filter>
    </ClCompile>
    <ClCompile Include="BehaviourTree\Source\IfDecorator.cpp">
      <Filter>BehaviorTree\Source</Filter>
    </ClCompile>
    <ClCompile Include="BehaviourTree\Source\Selector.cpp">
      <Filter>BehaviorTree\Source</Filter>
    </ClCompile>
    <ClCompile Include="BehaviourTree\Source\Sequence.cpp">
      <Filter>BehaviorTree\Source</Filter>
    </ClCompile>
    <ClCompile Include="Game\Player\State\Source\Player_Idling.cpp">
      <Filter>Game\Player\State\Source</Filter>
    </ClCompile>
    <ClCompile Include="Game\Player\State\Source\Player_Dodging.cpp">
      <Filter>Game\Player\State\Source</Filter>
    </ClCompile>
    <ClCompile Include="Libraries\MyLib\SkySphere.cpp">
      <Filter>Libraries\MyLib</Filter>
    </ClCompile>
    <ClCompile Include="Effects\Source\DustTrailParticle.cpp" />
    <ClCompile Include="Effects\Particle.cpp" />
    <ClCompile Include="Libraries\MyLib\BinaryFile.cpp" />
    <ClCompile Include="Game\Player\State\Source\Player_Attacking_1.cpp" />
    <ClCompile Include="Game\Enemy\States\Source\EnemyIdling.cpp" />
    <ClCompile Include="Game\Enemy\States\Source\EnemyApproaching.cpp" />
    <ClCompile Include="Game\Player\State\Source\Player_Attacking_2.cpp" />
    <ClCompile Include="Game\Player\State\Source\Player_Attacking_3.cpp" />
    <ClCompile Include="Game\Player\State\Source\Player_Attacking_4.cpp" />
    <ClCompile Include="Game\Weapon\Sword\Sword.cpp" />
    <ClCompile Include="Game\Weapon\Sword\Source\Sword_Idling.cpp" />
    <ClCompile Include="Game\Weapon\Sword\Source\Sword_Attacking_1.cpp" />
    <ClCompile Include="Game\Sound\BGM_Player.cpp" />
    <ClCompile Include="Game\Scene\ResultScene.cpp" />
    <ClCompile Include="Game\Weapon\Cudgel\Source\Cudgel_Idling.cpp" />
    <ClCompile Include="Game\Weapon\Cudgel\Cudgel.cpp" />
    <ClCompile Include="Game\Weapon\Cudgel\Source\Cudgel_Attacking.cpp" />
    <ClCompile Include="Game\Enemy\States\Source\Enemy_Attacking.cpp" />
    <ClCompile Include="Game\Stage\Floor\Floor.cpp" />
    <ClCompile Include="Game\Stage\Wall\Wall.cpp" />
    <ClCompile Include="Game\UI\!PlaySceneUIManager\PlaySceneUIManager.cpp" />
    <ClCompile Include="Game\UI\Source\Gauge.cpp" />
    <ClCompile Include="Effects\Source\SwordTrialParticle.cpp" />
    <ClCompile Include="Game\Enemy\States\Source\Enemy_Sweeping.cpp" />
    <ClCompile Include="Game\Weapon\Cudgel\Source\Cudgel_Sweeping.cpp" />
    <ClCompile Include="Game\UI\Source\PlayerHPUI.cpp" />
    <ClCompile Include="Game\UI\Source\IconUI.cpp" />
    <ClCompile Include="Game\UI\Source\EnemyHPUI.cpp" />
    <ClCompile Include="Libraries\MyLib\Collision\CollisionManager.cpp" />
    <ClCompile Include="Game\UI\Fade\Fade.cpp" />
    <ClCompile Include="Game\Factory\Factory.cpp" />
    <ClCompile Include="Game\Observer\Messenger.cpp" />
    <ClCompile Include="Game\Weapon\Sword\Source\Sword_Attacking_2.cpp" />
    <ClCompile Include="Game\Weapon\Sword\Source\Sword_Attacking_3.cpp" />
    <ClCompile Include="Game\Weapon\Sword\Source\Sword_Attacking_4.cpp" />
    <ClCompile Include="Game\Camera\State\Source\CameraIdling.cpp" />
    <ClCompile Include="Game\UI\Source\Warning.cpp" />
    <ClCompile Include="Libraries\MyLib\CustomShader\CustomShader.cpp" />
    <ClCompile Include="Game\Goblin\Goblin.cpp" />
    <ClCompile Include="Game\Goblin\State\Score\GoblinAttacking.cpp" />
    <ClCompile Include="Game\Goblin\State\Score\GoblinIdling.cpp" />
  </ItemGroup>
  <ItemGroup>
    <ResourceCompile Include="resource.rc" />
  </ItemGroup>
  <ItemGroup>
    <Image Include="directx.ico">
      <Filter>Assets</Filter>
    </Image>
  </ItemGroup>
  <ItemGroup>
    <Manifest Include="settings.manifest">
      <Filter>Assets</Filter>
    </Manifest>
  </ItemGroup>
  <ItemGroup>
    <None Include="packages.config" />
    <None Include="fmod.dll" />
    <None Include="fmodL.dll" />
    <None Include="Resources\Shaders\ParticleGS.cso" />
    <None Include="Resources\Shaders\ParticlePS.cso" />
    <None Include="Resources\Shaders\ParticleVS.cso" />
    <None Include="Resources\Shaders\Particle.hlsli" />
    <None Include="Resources\Shaders\UI\UI.hlsli" />
    <None Include="ClassDiagram.cd" />
    <None Include="ClassDiagram1.cd" />
    <None Include="ClassDiagram2.cd" />
    <None Include="ClassDiagram3.cd" />
  </ItemGroup>
  <ItemGroup>
    <FxCompile Include="Resources\Shaders\Sword\SwordTrialPS.hlsl" />
    <FxCompile Include="Resources\Shaders\Sword\SwordTrialVS.hlsl" />
    <FxCompile Include="Resources\Shaders\Dust\DustPS.hlsl" />
    <FxCompile Include="Resources\Shaders\Dust\DustVS.hlsl" />
    <FxCompile Include="Resources\Shaders\Dust\DustGS.hlsl" />
    <FxCompile Include="Resources\Shaders\UI\UIGS.hlsl" />
    <FxCompile Include="Resources\Shaders\UI\UIPS.hlsl" />
    <FxCompile Include="Resources\Shaders\UI\UIVS.hlsl" />
    <FxCompile Include="Resources\Shaders\Fade\FadeGS.hlsl" />
    <FxCompile Include="Resources\Shaders\Fade\FadePS.hlsl" />
    <FxCompile Include="Resources\Shaders\Fade\FadeVS.hlsl" />
    <FxCompile Include="Resources\Shaders\Warning\WarningGS.hlsl" />
    <FxCompile Include="Resources\Shaders\Warning\WarningPS.hlsl" />
    <FxCompile Include="Resources\Shaders\Warning\WarningVS.hlsl" />
  </ItemGroup>
</Project>